// !$*UTF8*$!
{
	archiveVersion = 1;
	classes = {
	};
	objectVersion = 46;
	objects = {

/* Begin PBXBuildFile section */
		387D33BF196D3532005A7115 /* FeedbackView.swift in Sources */ = {isa = PBXBuildFile; fileRef = 387D33BE196D3532005A7115 /* FeedbackView.swift */; };
		38EAC7F3196B212E00CFD738 /* AppDelegate.swift in Sources */ = {isa = PBXBuildFile; fileRef = 38EAC7F2196B212E00CFD738 /* AppDelegate.swift */; };
		38EAC7F8196B212E00CFD738 /* Main.storyboard in Resources */ = {isa = PBXBuildFile; fileRef = 38EAC7F6196B212E00CFD738 /* Main.storyboard */; };
		38EAC7FA196B212E00CFD738 /* Images.xcassets in Resources */ = {isa = PBXBuildFile; fileRef = 38EAC7F9196B212E00CFD738 /* Images.xcassets */; };
		38EAC806196B212E00CFD738 /* IsFollowingTests.swift in Sources */ = {isa = PBXBuildFile; fileRef = 38EAC805196B212E00CFD738 /* IsFollowingTests.swift */; };
		38EAC823196B229900CFD738 /* CheckViewController.swift in Sources */ = {isa = PBXBuildFile; fileRef = 38EAC822196B229900CFD738 /* CheckViewController.swift */; };
		38EAC825196B22F300CFD738 /* InfoViewController.swift in Sources */ = {isa = PBXBuildFile; fileRef = 38EAC824196B22F300CFD738 /* InfoViewController.swift */; };
		38EAC827196B240C00CFD738 /* PositionAwareTextField.swift in Sources */ = {isa = PBXBuildFile; fileRef = 38EAC826196B240C00CFD738 /* PositionAwareTextField.swift */; };
		38EAC829196B242800CFD738 /* ResultView.swift in Sources */ = {isa = PBXBuildFile; fileRef = 38EAC828196B242800CFD738 /* ResultView.swift */; };
		38EAC82D196B2ACF00CFD738 /* TwitterCommunicator.swift in Sources */ = {isa = PBXBuildFile; fileRef = 38EAC82C196B2ACF00CFD738 /* TwitterCommunicator.swift */; };
		38EAC830196BF9E100CFD738 /* Notification.swift in Sources */ = {isa = PBXBuildFile; fileRef = 38EAC82F196BF9E100CFD738 /* Notification.swift */; };
		38EAC832196BFAB700CFD738 /* NotificationObject.swift in Sources */ = {isa = PBXBuildFile; fileRef = 38EAC831196BFAB700CFD738 /* NotificationObject.swift */; };
/* End PBXBuildFile section */

/* Begin PBXContainerItemProxy section */
		3845BAAF197E7E47000ED861 /* PBXContainerItemProxy */ = {
			isa = PBXContainerItemProxy;
			containerPortal = 38EAC7E5196B212E00CFD738 /* Project object */;
			proxyType = 1;
			remoteGlobalIDString = 38EAC7EC196B212E00CFD738;
			remoteInfo = IsFollowing;
		};
		3845BAB1197E7E48000ED861 /* PBXContainerItemProxy */ = {
			isa = PBXContainerItemProxy;
			containerPortal = 38EAC7E5196B212E00CFD738 /* Project object */;
			proxyType = 1;
			remoteGlobalIDString = 38EAC7EC196B212E00CFD738;
			remoteInfo = IsFollowing;
		};
		38EAC800196B212E00CFD738 /* PBXContainerItemProxy */ = {
			isa = PBXContainerItemProxy;
			containerPortal = 38EAC7E5196B212E00CFD738 /* Project object */;
			proxyType = 1;
			remoteGlobalIDString = 38EAC7EC196B212E00CFD738;
			remoteInfo = IsFollowing;
		};
/* End PBXContainerItemProxy section */

/* Begin PBXFileReference section */
		387D33BE196D3532005A7115 /* FeedbackView.swift */ = {isa = PBXFileReference; fileEncoding = 4; lastKnownFileType = sourcecode.swift; path = FeedbackView.swift; sourceTree = "<group>"; };
		38EAC7ED196B212E00CFD738 /* IsFollowing.app */ = {isa = PBXFileReference; explicitFileType = wrapper.application; includeInIndex = 0; path = IsFollowing.app; sourceTree = BUILT_PRODUCTS_DIR; };
		38EAC7F1196B212E00CFD738 /* Info.plist */ = {isa = PBXFileReference; lastKnownFileType = text.plist.xml; path = Info.plist; sourceTree = "<group>"; };
		38EAC7F2196B212E00CFD738 /* AppDelegate.swift */ = {isa = PBXFileReference; lastKnownFileType = sourcecode.swift; path = AppDelegate.swift; sourceTree = "<group>"; };
		38EAC7F7196B212E00CFD738 /* Base */ = {isa = PBXFileReference; lastKnownFileType = file.storyboard; name = Base; path = Base.lproj/Main.storyboard; sourceTree = "<group>"; };
		38EAC7F9196B212E00CFD738 /* Images.xcassets */ = {isa = PBXFileReference; lastKnownFileType = folder.assetcatalog; path = Images.xcassets; sourceTree = "<group>"; };
		38EAC7FF196B212E00CFD738 /* IsFollowingTests.xctest */ = {isa = PBXFileReference; explicitFileType = wrapper.cfbundle; includeInIndex = 0; path = IsFollowingTests.xctest; sourceTree = BUILT_PRODUCTS_DIR; };
		38EAC804196B212E00CFD738 /* Info.plist */ = {isa = PBXFileReference; lastKnownFileType = text.plist.xml; path = Info.plist; sourceTree = "<group>"; };
		38EAC805196B212E00CFD738 /* IsFollowingTests.swift */ = {isa = PBXFileReference; lastKnownFileType = sourcecode.swift; path = IsFollowingTests.swift; sourceTree = "<group>"; };
		38EAC822196B229900CFD738 /* CheckViewController.swift */ = {isa = PBXFileReference; fileEncoding = 4; lastKnownFileType = sourcecode.swift; path = CheckViewController.swift; sourceTree = "<group>"; };
		38EAC824196B22F300CFD738 /* InfoViewController.swift */ = {isa = PBXFileReference; fileEncoding = 4; lastKnownFileType = sourcecode.swift; path = InfoViewController.swift; sourceTree = "<group>"; };
		38EAC826196B240C00CFD738 /* PositionAwareTextField.swift */ = {isa = PBXFileReference; fileEncoding = 4; lastKnownFileType = sourcecode.swift; path = PositionAwareTextField.swift; sourceTree = "<group>"; };
		38EAC828196B242800CFD738 /* ResultView.swift */ = {isa = PBXFileReference; fileEncoding = 4; lastKnownFileType = sourcecode.swift; path = ResultView.swift; sourceTree = "<group>"; };
		38EAC82C196B2ACF00CFD738 /* TwitterCommunicator.swift */ = {isa = PBXFileReference; fileEncoding = 4; lastKnownFileType = sourcecode.swift; path = TwitterCommunicator.swift; sourceTree = "<group>"; };
		38EAC82F196BF9E100CFD738 /* Notification.swift */ = {isa = PBXFileReference; fileEncoding = 4; lastKnownFileType = sourcecode.swift; path = Notification.swift; sourceTree = "<group>"; };
		38EAC831196BFAB700CFD738 /* NotificationObject.swift */ = {isa = PBXFileReference; fileEncoding = 4; lastKnownFileType = sourcecode.swift; path = NotificationObject.swift; sourceTree = "<group>"; };
/* End PBXFileReference section */

/* Begin PBXFrameworksBuildPhase section */
		38EAC7EA196B212E00CFD738 /* Frameworks */ = {
			isa = PBXFrameworksBuildPhase;
			buildActionMask = 2147483647;
			files = (
			);
			runOnlyForDeploymentPostprocessing = 0;
		};
		38EAC7FC196B212E00CFD738 /* Frameworks */ = {
			isa = PBXFrameworksBuildPhase;
			buildActionMask = 2147483647;
			files = (
			);
			runOnlyForDeploymentPostprocessing = 0;
		};
/* End PBXFrameworksBuildPhase section */

/* Begin PBXGroup section */
		38EAC7E4196B212E00CFD738 = {
			isa = PBXGroup;
			children = (
				38EAC7EF196B212E00CFD738 /* IsFollowing */,
				38EAC802196B212E00CFD738 /* IsFollowingTests */,
				38EAC7EE196B212E00CFD738 /* Products */,
			);
			sourceTree = "<group>";
		};
		38EAC7EE196B212E00CFD738 /* Products */ = {
			isa = PBXGroup;
			children = (
				38EAC7ED196B212E00CFD738 /* IsFollowing.app */,
				38EAC7FF196B212E00CFD738 /* IsFollowingTests.xctest */,
			);
			name = Products;
			sourceTree = "<group>";
		};
		38EAC7EF196B212E00CFD738 /* IsFollowing */ = {
			isa = PBXGroup;
			children = (
				38EAC7F2196B212E00CFD738 /* AppDelegate.swift */,
				38EAC7F6196B212E00CFD738 /* Main.storyboard */,
				38EAC822196B229900CFD738 /* CheckViewController.swift */,
				38EAC824196B22F300CFD738 /* InfoViewController.swift */,
				38EAC826196B240C00CFD738 /* PositionAwareTextField.swift */,
				38EAC828196B242800CFD738 /* ResultView.swift */,
				38EAC82B196B2AC100CFD738 /* Networking */,
				38EAC82E196BF9D200CFD738 /* Shared */,
				38EAC7F9196B212E00CFD738 /* Images.xcassets */,
				38EAC7F0196B212E00CFD738 /* Supporting Files */,
			);
			path = IsFollowing;
			sourceTree = "<group>";
		};
		38EAC7F0196B212E00CFD738 /* Supporting Files */ = {
			isa = PBXGroup;
			children = (
				38EAC7F1196B212E00CFD738 /* Info.plist */,
			);
			name = "Supporting Files";
			sourceTree = "<group>";
		};
		38EAC802196B212E00CFD738 /* IsFollowingTests */ = {
			isa = PBXGroup;
			children = (
				38EAC805196B212E00CFD738 /* IsFollowingTests.swift */,
				38EAC803196B212E00CFD738 /* Supporting Files */,
			);
			path = IsFollowingTests;
			sourceTree = "<group>";
		};
		38EAC803196B212E00CFD738 /* Supporting Files */ = {
			isa = PBXGroup;
			children = (
				38EAC804196B212E00CFD738 /* Info.plist */,
			);
			name = "Supporting Files";
			sourceTree = "<group>";
		};
		38EAC82B196B2AC100CFD738 /* Networking */ = {
			isa = PBXGroup;
			children = (
				38EAC82C196B2ACF00CFD738 /* TwitterCommunicator.swift */,
			);
			path = Networking;
			sourceTree = "<group>";
		};
		38EAC82E196BF9D200CFD738 /* Shared */ = {
			isa = PBXGroup;
			children = (
				38EAC82F196BF9E100CFD738 /* Notification.swift */,
				38EAC831196BFAB700CFD738 /* NotificationObject.swift */,
				387D33BE196D3532005A7115 /* FeedbackView.swift */,
			);
			name = Shared;
			path = IsFollowing/Shared;
			sourceTree = SOURCE_ROOT;
		};
/* End PBXGroup section */

/* Begin PBXNativeTarget section */
		38EAC7EC196B212E00CFD738 /* IsFollowing */ = {
			isa = PBXNativeTarget;
			buildConfigurationList = 38EAC809196B212E00CFD738 /* Build configuration list for PBXNativeTarget "IsFollowing" */;
			buildPhases = (
				38EAC7E9196B212E00CFD738 /* Sources */,
				38EAC7EA196B212E00CFD738 /* Frameworks */,
				38EAC7EB196B212E00CFD738 /* Resources */,
			);
			buildRules = (
			);
			dependencies = (
			);
			name = IsFollowing;
			productName = IsFollowing;
			productReference = 38EAC7ED196B212E00CFD738 /* IsFollowing.app */;
			productType = "com.apple.product-type.application";
		};
		38EAC7FE196B212E00CFD738 /* IsFollowingTests */ = {
			isa = PBXNativeTarget;
			buildConfigurationList = 38EAC80C196B212E00CFD738 /* Build configuration list for PBXNativeTarget "IsFollowingTests" */;
			buildPhases = (
				38EAC7FB196B212E00CFD738 /* Sources */,
				38EAC7FC196B212E00CFD738 /* Frameworks */,
				38EAC7FD196B212E00CFD738 /* Resources */,
			);
			buildRules = (
			);
			dependencies = (
				38EAC801196B212E00CFD738 /* PBXTargetDependency */,
				3845BAB0197E7E47000ED861 /* PBXTargetDependency */,
				3845BAB2197E7E48000ED861 /* PBXTargetDependency */,
			);
			name = IsFollowingTests;
			productName = IsFollowingTests;
			productReference = 38EAC7FF196B212E00CFD738 /* IsFollowingTests.xctest */;
			productType = "com.apple.product-type.bundle.unit-test";
		};
/* End PBXNativeTarget section */

/* Begin PBXProject section */
		38EAC7E5196B212E00CFD738 /* Project object */ = {
			isa = PBXProject;
			attributes = {
				CLASSPREFIX = "";
				LastUpgradeCheck = 0600;
				ORGANIZATIONNAME = "Natalia Ossipova";
				TargetAttributes = {
					38EAC7EC196B212E00CFD738 = {
						CreatedOnToolsVersion = 6.0;
						DevelopmentTeam = 7K9NCDFPG2;
					};
					38EAC7FE196B212E00CFD738 = {
						CreatedOnToolsVersion = 6.0;
						TestTargetID = 38EAC7EC196B212E00CFD738;
					};
				};
			};
			buildConfigurationList = 38EAC7E8196B212E00CFD738 /* Build configuration list for PBXProject "IsFollowing" */;
			compatibilityVersion = "Xcode 3.2";
			developmentRegion = English;
			hasScannedForEncodings = 0;
			knownRegions = (
				en,
				Base,
			);
			mainGroup = 38EAC7E4196B212E00CFD738;
			productRefGroup = 38EAC7EE196B212E00CFD738 /* Products */;
			projectDirPath = "";
			projectRoot = "";
			targets = (
				38EAC7EC196B212E00CFD738 /* IsFollowing */,
				38EAC7FE196B212E00CFD738 /* IsFollowingTests */,
			);
		};
/* End PBXProject section */

/* Begin PBXResourcesBuildPhase section */
		38EAC7EB196B212E00CFD738 /* Resources */ = {
			isa = PBXResourcesBuildPhase;
			buildActionMask = 2147483647;
			files = (
				38EAC7F8196B212E00CFD738 /* Main.storyboard in Resources */,
				38EAC7FA196B212E00CFD738 /* Images.xcassets in Resources */,
			);
			runOnlyForDeploymentPostprocessing = 0;
		};
		38EAC7FD196B212E00CFD738 /* Resources */ = {
			isa = PBXResourcesBuildPhase;
			buildActionMask = 2147483647;
			files = (
			);
			runOnlyForDeploymentPostprocessing = 0;
		};
/* End PBXResourcesBuildPhase section */

/* Begin PBXSourcesBuildPhase section */
		38EAC7E9196B212E00CFD738 /* Sources */ = {
			isa = PBXSourcesBuildPhase;
			buildActionMask = 2147483647;
			files = (
				38EAC82D196B2ACF00CFD738 /* TwitterCommunicator.swift in Sources */,
				38EAC832196BFAB700CFD738 /* NotificationObject.swift in Sources */,
				387D33BF196D3532005A7115 /* FeedbackView.swift in Sources */,
				38EAC823196B229900CFD738 /* CheckViewController.swift in Sources */,
				38EAC827196B240C00CFD738 /* PositionAwareTextField.swift in Sources */,
				38EAC829196B242800CFD738 /* ResultView.swift in Sources */,
				38EAC830196BF9E100CFD738 /* Notification.swift in Sources */,
				38EAC825196B22F300CFD738 /* InfoViewController.swift in Sources */,
				38EAC7F3196B212E00CFD738 /* AppDelegate.swift in Sources */,
			);
			runOnlyForDeploymentPostprocessing = 0;
		};
		38EAC7FB196B212E00CFD738 /* Sources */ = {
			isa = PBXSourcesBuildPhase;
			buildActionMask = 2147483647;
			files = (
				38EAC806196B212E00CFD738 /* IsFollowingTests.swift in Sources */,
			);
			runOnlyForDeploymentPostprocessing = 0;
		};
/* End PBXSourcesBuildPhase section */

/* Begin PBXTargetDependency section */
		3845BAB0197E7E47000ED861 /* PBXTargetDependency */ = {
			isa = PBXTargetDependency;
			target = 38EAC7EC196B212E00CFD738 /* IsFollowing */;
			targetProxy = 3845BAAF197E7E47000ED861 /* PBXContainerItemProxy */;
		};
		3845BAB2197E7E48000ED861 /* PBXTargetDependency */ = {
			isa = PBXTargetDependency;
			target = 38EAC7EC196B212E00CFD738 /* IsFollowing */;
			targetProxy = 3845BAB1197E7E48000ED861 /* PBXContainerItemProxy */;
		};
		38EAC801196B212E00CFD738 /* PBXTargetDependency */ = {
			isa = PBXTargetDependency;
			target = 38EAC7EC196B212E00CFD738 /* IsFollowing */;
			targetProxy = 38EAC800196B212E00CFD738 /* PBXContainerItemProxy */;
		};
/* End PBXTargetDependency section */

/* Begin PBXVariantGroup section */
		38EAC7F6196B212E00CFD738 /* Main.storyboard */ = {
			isa = PBXVariantGroup;
			children = (
				38EAC7F7196B212E00CFD738 /* Base */,
			);
			name = Main.storyboard;
			sourceTree = "<group>";
		};
/* End PBXVariantGroup section */

/* Begin XCBuildConfiguration section */
		38EAC807196B212E00CFD738 /* Debug */ = {
			isa = XCBuildConfiguration;
			buildSettings = {
				ALWAYS_SEARCH_USER_PATHS = NO;
				CLANG_CXX_LANGUAGE_STANDARD = "gnu++0x";
				CLANG_CXX_LIBRARY = "libc++";
				CLANG_ENABLE_MODULES = YES;
				CLANG_ENABLE_OBJC_ARC = YES;
				CLANG_WARN_BOOL_CONVERSION = YES;
				CLANG_WARN_CONSTANT_CONVERSION = YES;
				CLANG_WARN_DIRECT_OBJC_ISA_USAGE = YES_ERROR;
				CLANG_WARN_EMPTY_BODY = YES;
				CLANG_WARN_ENUM_CONVERSION = YES;
				CLANG_WARN_INT_CONVERSION = YES;
				CLANG_WARN_OBJC_ROOT_CLASS = YES_ERROR;
				CLANG_WARN_UNREACHABLE_CODE = YES;
				CLANG_WARN__DUPLICATE_METHOD_MATCH = YES;
				"CODE_SIGN_IDENTITY[sdk=iphoneos*]" = "iPhone Developer";
				COPY_PHASE_STRIP = NO;
				ENABLE_STRICT_OBJC_MSGSEND = YES;
				GCC_C_LANGUAGE_STANDARD = gnu99;
				GCC_DYNAMIC_NO_PIC = NO;
				GCC_OPTIMIZATION_LEVEL = 0;
				GCC_PRECOMPILE_PREFIX_HEADER = YES;
				GCC_PREPROCESSOR_DEFINITIONS = (
					"DEBUG=1",
					"$(inherited)",
				);
				GCC_SYMBOLS_PRIVATE_EXTERN = NO;
				GCC_WARN_64_TO_32_BIT_CONVERSION = YES;
				GCC_WARN_ABOUT_RETURN_TYPE = YES_ERROR;
				GCC_WARN_UNDECLARED_SELECTOR = YES;
				GCC_WARN_UNINITIALIZED_AUTOS = YES_AGGRESSIVE;
				GCC_WARN_UNUSED_FUNCTION = YES;
				GCC_WARN_UNUSED_VARIABLE = YES;
				IPHONEOS_DEPLOYMENT_TARGET = 7.0;
				MTL_ENABLE_DEBUG_INFO = YES;
				ONLY_ACTIVE_ARCH = YES;
				SDKROOT = iphoneos;
				SWIFT_OPTIMIZATION_LEVEL = "-Onone";
			};
			name = Debug;
		};
		38EAC808196B212E00CFD738 /* Release */ = {
			isa = XCBuildConfiguration;
			buildSettings = {
				ALWAYS_SEARCH_USER_PATHS = NO;
				CLANG_CXX_LANGUAGE_STANDARD = "gnu++0x";
				CLANG_CXX_LIBRARY = "libc++";
				CLANG_ENABLE_MODULES = YES;
				CLANG_ENABLE_OBJC_ARC = YES;
				CLANG_WARN_BOOL_CONVERSION = YES;
				CLANG_WARN_CONSTANT_CONVERSION = YES;
				CLANG_WARN_DIRECT_OBJC_ISA_USAGE = YES_ERROR;
				CLANG_WARN_EMPTY_BODY = YES;
				CLANG_WARN_ENUM_CONVERSION = YES;
				CLANG_WARN_INT_CONVERSION = YES;
				CLANG_WARN_OBJC_ROOT_CLASS = YES_ERROR;
				CLANG_WARN_UNREACHABLE_CODE = YES;
				CLANG_WARN__DUPLICATE_METHOD_MATCH = YES;
				"CODE_SIGN_IDENTITY[sdk=iphoneos*]" = "iPhone Developer";
				COPY_PHASE_STRIP = YES;
				ENABLE_NS_ASSERTIONS = NO;
				ENABLE_STRICT_OBJC_MSGSEND = YES;
				GCC_C_LANGUAGE_STANDARD = gnu99;
				GCC_PRECOMPILE_PREFIX_HEADER = YES;
				GCC_WARN_64_TO_32_BIT_CONVERSION = YES;
				GCC_WARN_ABOUT_RETURN_TYPE = YES_ERROR;
				GCC_WARN_UNDECLARED_SELECTOR = YES;
				GCC_WARN_UNINITIALIZED_AUTOS = YES_AGGRESSIVE;
				GCC_WARN_UNUSED_FUNCTION = YES;
				GCC_WARN_UNUSED_VARIABLE = YES;
				IPHONEOS_DEPLOYMENT_TARGET = 7.0;
				MTL_ENABLE_DEBUG_INFO = NO;
				SDKROOT = iphoneos;
				VALIDATE_PRODUCT = YES;
			};
			name = Release;
		};
		38EAC80A196B212E00CFD738 /* Debug */ = {
			isa = XCBuildConfiguration;
			buildSettings = {
				ASSETCATALOG_COMPILER_APPICON_NAME = AppIcon;
				ASSETCATALOG_COMPILER_LAUNCHIMAGE_NAME = LaunchImage;
				CODE_SIGN_IDENTITY = "iPhone Developer";
				INFOPLIST_FILE = IsFollowing/Info.plist;
				IPHONEOS_DEPLOYMENT_TARGET = 7.0;
				LD_RUNPATH_SEARCH_PATHS = "$(inherited) @executable_path/Frameworks";
				PRODUCT_NAME = "$(TARGET_NAME)";
			};
			name = Debug;
		};
		38EAC80B196B212E00CFD738 /* Release */ = {
			isa = XCBuildConfiguration;
			buildSettings = {
				ASSETCATALOG_COMPILER_APPICON_NAME = AppIcon;
				ASSETCATALOG_COMPILER_LAUNCHIMAGE_NAME = LaunchImage;
				CODE_SIGN_IDENTITY = "iPhone Developer";
				INFOPLIST_FILE = IsFollowing/Info.plist;
				IPHONEOS_DEPLOYMENT_TARGET = 7.0;
				LD_RUNPATH_SEARCH_PATHS = "$(inherited) @executable_path/Frameworks";
				PRODUCT_NAME = "$(TARGET_NAME)";
			};
			name = Release;
		};
		38EAC80D196B212E00CFD738 /* Debug */ = {
			isa = XCBuildConfiguration;
			buildSettings = {
				BUNDLE_LOADER = "$(BUILT_PRODUCTS_DIR)/IsFollowing.app/IsFollowing";
				FRAMEWORK_SEARCH_PATHS = (
					"$(SDKROOT)/Developer/Library/Frameworks",
					"$(inherited)",
				);
				GCC_PREPROCESSOR_DEFINITIONS = (
					"DEBUG=1",
					"$(inherited)",
				);
				INFOPLIST_FILE = IsFollowingTests/Info.plist;
				LD_RUNPATH_SEARCH_PATHS = "$(inherited) @executable_path/Frameworks @loader_path/Frameworks";
				PRODUCT_NAME = "$(TARGET_NAME)";
				TEST_HOST = "$(BUNDLE_LOADER)";
			};
			name = Debug;
		};
		38EAC80E196B212E00CFD738 /* Release */ = {
			isa = XCBuildConfiguration;
			buildSettings = {
				BUNDLE_LOADER = "$(BUILT_PRODUCTS_DIR)/IsFollowing.app/IsFollowing";
				FRAMEWORK_SEARCH_PATHS = (
					"$(SDKROOT)/Developer/Library/Frameworks",
					"$(inherited)",
				);
				INFOPLIST_FILE = IsFollowingTests/Info.plist;
				LD_RUNPATH_SEARCH_PATHS = "$(inherited) @executable_path/Frameworks @loader_path/Frameworks";
				PRODUCT_NAME = "$(TARGET_NAME)";
				TEST_HOST = "$(BUNDLE_LOADER)";
			};
			name = Release;
		};
/* End XCBuildConfiguration section */

/* Begin XCConfigurationList section */
		38EAC7E8196B212E00CFD738 /* Build configuration list for PBXProject "IsFollowing" */ = {
			isa = XCConfigurationList;
			buildConfigurations = (
				38EAC807196B212E00CFD738 /* Debug */,
				38EAC808196B212E00CFD738 /* Release */,
			);
			defaultConfigurationIsVisible = 0;
			defaultConfigurationName = Release;
		};
		38EAC809196B212E00CFD738 /* Build configuration list for PBXNativeTarget "IsFollowing" */ = {
			isa = XCConfigurationList;
			buildConfigurations = (
				38EAC80A196B212E00CFD738 /* Debug */,
				38EAC80B196B212E00CFD738 /* Release */,
			);
			defaultConfigurationIsVisible = 0;
			defaultConfigurationName = Release;
		};
		38EAC80C196B212E00CFD738 /* Build configuration list for PBXNativeTarget "IsFollowingTests" */ = {
			isa = XCConfigurationList;
			buildConfigurations = (
				38EAC80D196B212E00CFD738 /* Debug */,
				38EAC80E196B212E00CFD738 /* Release */,
			);
			defaultConfigurationIsVisible = 0;
			defaultConfigurationName = Release;
		};
/* End XCConfigurationList section */
	};
	rootObject = 38EAC7E5196B212E00CFD738 /* Project object */;
}
